
Microsoft Visual Studio Solution File, Format Version 12.00
# Visual Studio 15
VisualStudioVersion = 15.0.26430.16
MinimumVisualStudioVersion = 10.0.40219.1
Project("{8BC9CEB8-8B4A-11D0-8D11-00A0C91BC942}") = "ParticleFilter", "ParticleFilter\ParticleFilter.vcxproj", "{5A2E1310-2019-4CD9-8325-46AFCD8A9145}"
EndProject
Project("{8BC9CEB8-8B4A-11D0-8D11-00A0C91BC942}") = "ParticleFilterTests", "ParticleFilterTests\ParticleFilterTests.vcxproj", "{5E139853-10D7-466D-A5B7-7F53CB3AD600}"
EndProject
Global
	GlobalSection(SolutionConfigurationPlatforms) = preSolution
		Debug|ARM = Debug|ARM
		Debug|x64 = Debug|x64
		Debug|x86 = Debug|x86
		Release|ARM = Release|ARM
		Release|x64 = Release|x64
		Release|x86 = Release|x86
	EndGlobalSection
	GlobalSection(ProjectConfigurationPlatforms) = postSolution
		{5A2E1310-2019-4CD9-8325-46AFCD8A9145}.Debug|ARM.ActiveCfg = Debug|ARM
		{5A2E1310-2019-4CD9-8325-46AFCD8A9145}.Debug|ARM.Build.0 = Debug|ARM
		{5A2E1310-2019-4CD9-8325-46AFCD8A9145}.Debug|x64.ActiveCfg = Debug|x64
		{5A2E1310-2019-4CD9-8325-46AFCD8A9145}.Debug|x64.Build.0 = Debug|x64
		{5A2E1310-2019-4CD9-8325-46AFCD8A9145}.Debug|x86.ActiveCfg = Debug|x86
		{5A2E1310-2019-4CD9-8325-46AFCD8A9145}.Debug|x86.Build.0 = Debug|x86
		{5A2E1310-2019-4CD9-8325-46AFCD8A9145}.Release|ARM.ActiveCfg = Release|ARM
		{5A2E1310-2019-4CD9-8325-46AFCD8A9145}.Release|ARM.Build.0 = Release|ARM
		{5A2E1310-2019-4CD9-8325-46AFCD8A9145}.Release|x64.ActiveCfg = Release|x64
		{5A2E1310-2019-4CD9-8325-46AFCD8A9145}.Release|x64.Build.0 = Release|x64
		{5A2E1310-2019-4CD9-8325-46AFCD8A9145}.Release|x86.ActiveCfg = Release|x86
		{5A2E1310-2019-4CD9-8325-46AFCD8A9145}.Release|x86.Build.0 = Release|x86
		{5E139853-10D7-466D-A5B7-7F53CB3AD600}.Debug|ARM.ActiveCfg = Debug|ARM
		{5E139853-10D7-466D-A5B7-7F53CB3AD600}.Debug|ARM.Build.0 = Debug|ARM
		{5E139853-10D7-466D-A5B7-7F53CB3AD600}.Debug|x64.ActiveCfg = Debug|x64
		{5E139853-10D7-466D-A5B7-7F53CB3AD600}.Debug|x64.Build.0 = Debug|x64
		{5E139853-10D7-466D-A5B7-7F53CB3AD600}.Debug|x86.ActiveCfg = Debug|x86
		{5E139853-10D7-466D-A5B7-7F53CB3AD600}.Debug|x86.Build.0 = Debug|x86
		{5E139853-10D7-466D-A5B7-7F53CB3AD600}.Release|ARM.ActiveCfg = Release|ARM
		{5E139853-10D7-466D-A5B7-7F53CB3AD600}.Release|ARM.Build.0 = Release|ARM
		{5E139853-10D7-466D-A5B7-7F53CB3AD600}.Release|x64.ActiveCfg = Release|x64
		{5E139853-10D7-466D-A5B7-7F53CB3AD600}.Release|x64.Build.0 = Release|x64
		{5E139853-10D7-466D-A5B7-7F53CB3AD600}.Release|x86.ActiveCfg = Release|x86
		{5E139853-10D7-466D-A5B7-7F53CB3AD600}.Release|x86.Build.0 = Release|x86
	EndGlobalSection
	GlobalSection(SolutionProperties) = preSolution
		HideSolutionNode = FALSE
	EndGlobalSection
EndGlobal
